
Microsoft Visual Studio Solution File, Format Version 12.00
# Visual Studio Version 17
VisualStudioVersion = 17.5.33424.131
MinimumVisualStudioVersion = 10.0.40219.1
Project("{FAE04EC0-301F-11D3-BF4B-00C04F79EFBC}") = "PGManagementApp", "PGManagementApp\PGManagementApp.csproj", "{5BFFC413-B4C4-4D4C-A7CE-8134DCCE52F9}"
EndProject
Project("{FAE04EC0-301F-11D3-BF4B-00C04F79EFBC}") = "Data", "Data\Data.csproj", "{C1D70E22-2B84-4319-B22D-697C2420231B}"
EndProject
Project("{FAE04EC0-301F-11D3-BF4B-00C04F79EFBC}") = "Repositories", "Repositories\Repositories.csproj", "{5CA2E03A-B8BA-4A3B-8056-74F2755417C1}"
EndProject
Global
	GlobalSection(SolutionConfigurationPlatforms) = preSolution
		Debug|Any CPU = Debug|Any CPU
		Release|Any CPU = Release|Any CPU
	EndGlobalSection
	GlobalSection(ProjectConfigurationPlatforms) = postSolution
		{5BFFC413-B4C4-4D4C-A7CE-8134DCCE52F9}.Debug|Any CPU.ActiveCfg = Debug|Any CPU
		{5BFFC413-B4C4-4D4C-A7CE-8134DCCE52F9}.Debug|Any CPU.Build.0 = Debug|Any CPU
		{5BFFC413-B4C4-4D4C-A7CE-8134DCCE52F9}.Release|Any CPU.ActiveCfg = Release|Any CPU
		{5BFFC413-B4C4-4D4C-A7CE-8134DCCE52F9}.Release|Any CPU.Build.0 = Release|Any CPU
		{C1D70E22-2B84-4319-B22D-697C2420231B}.Debug|Any CPU.ActiveCfg = Debug|Any CPU
		{C1D70E22-2B84-4319-B22D-697C2420231B}.Debug|Any CPU.Build.0 = Debug|Any CPU
		{C1D70E22-2B84-4319-B22D-697C2420231B}.Release|Any CPU.ActiveCfg = Release|Any CPU
		{C1D70E22-2B84-4319-B22D-697C2420231B}.Release|Any CPU.Build.0 = Release|Any CPU
		{5CA2E03A-B8BA-4A3B-8056-74F2755417C1}.Debug|Any CPU.ActiveCfg = Debug|Any CPU
		{5CA2E03A-B8BA-4A3B-8056-74F2755417C1}.Debug|Any CPU.Build.0 = Debug|Any CPU
		{5CA2E03A-B8BA-4A3B-8056-74F2755417C1}.Release|Any CPU.ActiveCfg = Release|Any CPU
		{5CA2E03A-B8BA-4A3B-8056-74F2755417C1}.Release|Any CPU.Build.0 = Release|Any CPU
	EndGlobalSection
	GlobalSection(SolutionProperties) = preSolution
		HideSolutionNode = FALSE
	EndGlobalSection
	GlobalSection(ExtensibilityGlobals) = postSolution
		SolutionGuid = {8FC032BE-E70C-4F0A-9838-ED6CA4305B5A}
	EndGlobalSection
EndGlobal
